Microsoft Visual Studio Solution File, Format Version 12.00
# Visual Studio Version 17
VisualStudioVersion = 17.0.31903.59
MinimumVisualStudioVersion = 10.0.40219.1
Project("{FAE04EC0-301F-11D3-BF4B-00C04F79EFBC}") = "AuthPlaypen.Api", "src\AuthPlaypen.Api\AuthPlaypen.Api.csproj", "{2F3CCCB0-05DD-458A-88A0-08AD86BF2E28}"
EndProject
Project("{FAE04EC0-301F-11D3-BF4B-00C04F79EFBC}") = "AuthPlaypen.Application", "src\AuthPlaypen.Application\AuthPlaypen.Application.csproj", "{13FCB673-64D7-4ED1-9129-C2C8DA956BF7}"
EndProject
Project("{FAE04EC0-301F-11D3-BF4B-00C04F79EFBC}") = "AuthPlaypen.Data", "src\AuthPlaypen.Data\AuthPlaypen.Data.csproj", "{30A533F7-F64D-4F93-A517-18747B59A053}"
EndProject
Project("{FAE04EC0-301F-11D3-BF4B-00C04F79EFBC}") = "AuthPlaypen.Domain", "src\AuthPlaypen.Domain\AuthPlaypen.Domain.csproj", "{500F03AC-3632-45F8-AC05-FAB4E22F2D17}"
EndProject
Project("{FAE04EC0-301F-11D3-BF4B-00C04F79EFBC}") = "AuthPlaypen.OpenIddict.Redis", "src\AuthPlaypen.OpenIddict.Redis\AuthPlaypen.OpenIddict.Redis.csproj", "{44CC7C1A-3BA9-4BD8-B2A0-911BC94DD93E}"
EndProject
Project("{FAE04EC0-301F-11D3-BF4B-00C04F79EFBC}") = "AuthPlaypen.ResourceApiAuth", "src\AuthPlaypen.ResourceApiAuth\AuthPlaypen.ResourceApiAuth.csproj", "{B51A1A0D-3F84-4E86-8BDB-6D07E2CD5F93}"
EndProject
Project("{FAE04EC0-301F-11D3-BF4B-00C04F79EFBC}") = "AuthPlaypen.Api.Tests", "tests\AuthPlaypen.Api.Tests\AuthPlaypen.Api.Tests.csproj", "{7B9F4AF4-B263-4F0F-B4A6-2C06D5CA5E31}"
EndProject
Project("{FAE04EC0-301F-11D3-BF4B-00C04F79EFBC}") = "AuthPlaypen.ResourceApiAuth.Tests", "tests\AuthPlaypen.ResourceApiAuth.Tests\AuthPlaypen.ResourceApiAuth.Tests.csproj", "{71AD5F89-3046-4F1A-BBF5-04DF32C82B46}"
EndProject
Project("{2150E333-8FDC-42A3-9474-1A3956D46DE8}") = "src", "src", "{A3E01D40-0F86-4A04-B12A-3D4A11A018D8}"
EndProject
Project("{2150E333-8FDC-42A3-9474-1A3956D46DE8}") = "tests", "tests", "{01ECFF8F-4D11-470F-B4DE-5AA623CCC7E8}"
EndProject
Global
	GlobalSection(SolutionConfigurationPlatforms) = preSolution
		Debug|Any CPU = Debug|Any CPU
		Release|Any CPU = Release|Any CPU
	EndGlobalSection
	GlobalSection(ProjectConfigurationPlatforms) = postSolution
		{2F3CCCB0-05DD-458A-88A0-08AD86BF2E28}.Debug|Any CPU.ActiveCfg = Debug|Any CPU
		{2F3CCCB0-05DD-458A-88A0-08AD86BF2E28}.Debug|Any CPU.Build.0 = Debug|Any CPU
		{2F3CCCB0-05DD-458A-88A0-08AD86BF2E28}.Release|Any CPU.ActiveCfg = Release|Any CPU
		{2F3CCCB0-05DD-458A-88A0-08AD86BF2E28}.Release|Any CPU.Build.0 = Release|Any CPU
		{13FCB673-64D7-4ED1-9129-C2C8DA956BF7}.Debug|Any CPU.ActiveCfg = Debug|Any CPU
		{13FCB673-64D7-4ED1-9129-C2C8DA956BF7}.Debug|Any CPU.Build.0 = Debug|Any CPU
		{13FCB673-64D7-4ED1-9129-C2C8DA956BF7}.Release|Any CPU.ActiveCfg = Release|Any CPU
		{13FCB673-64D7-4ED1-9129-C2C8DA956BF7}.Release|Any CPU.Build.0 = Release|Any CPU
		{30A533F7-F64D-4F93-A517-18747B59A053}.Debug|Any CPU.ActiveCfg = Debug|Any CPU
		{30A533F7-F64D-4F93-A517-18747B59A053}.Debug|Any CPU.Build.0 = Debug|Any CPU
		{30A533F7-F64D-4F93-A517-18747B59A053}.Release|Any CPU.ActiveCfg = Release|Any CPU
		{30A533F7-F64D-4F93-A517-18747B59A053}.Release|Any CPU.Build.0 = Release|Any CPU
		{500F03AC-3632-45F8-AC05-FAB4E22F2D17}.Debug|Any CPU.ActiveCfg = Debug|Any CPU
		{500F03AC-3632-45F8-AC05-FAB4E22F2D17}.Debug|Any CPU.Build.0 = Debug|Any CPU
		{500F03AC-3632-45F8-AC05-FAB4E22F2D17}.Release|Any CPU.ActiveCfg = Release|Any CPU
		{500F03AC-3632-45F8-AC05-FAB4E22F2D17}.Release|Any CPU.Build.0 = Release|Any CPU
		{44CC7C1A-3BA9-4BD8-B2A0-911BC94DD93E}.Debug|Any CPU.ActiveCfg = Debug|Any CPU
		{44CC7C1A-3BA9-4BD8-B2A0-911BC94DD93E}.Debug|Any CPU.Build.0 = Debug|Any CPU
		{44CC7C1A-3BA9-4BD8-B2A0-911BC94DD93E}.Release|Any CPU.ActiveCfg = Release|Any CPU
		{44CC7C1A-3BA9-4BD8-B2A0-911BC94DD93E}.Release|Any CPU.Build.0 = Release|Any CPU
		{B51A1A0D-3F84-4E86-8BDB-6D07E2CD5F93}.Debug|Any CPU.ActiveCfg = Debug|Any CPU
		{B51A1A0D-3F84-4E86-8BDB-6D07E2CD5F93}.Debug|Any CPU.Build.0 = Debug|Any CPU
		{B51A1A0D-3F84-4E86-8BDB-6D07E2CD5F93}.Release|Any CPU.ActiveCfg = Release|Any CPU
		{B51A1A0D-3F84-4E86-8BDB-6D07E2CD5F93}.Release|Any CPU.Build.0 = Release|Any CPU
		{7B9F4AF4-B263-4F0F-B4A6-2C06D5CA5E31}.Debug|Any CPU.ActiveCfg = Debug|Any CPU
		{7B9F4AF4-B263-4F0F-B4A6-2C06D5CA5E31}.Debug|Any CPU.Build.0 = Debug|Any CPU
		{7B9F4AF4-B263-4F0F-B4A6-2C06D5CA5E31}.Release|Any CPU.ActiveCfg = Release|Any CPU
		{7B9F4AF4-B263-4F0F-B4A6-2C06D5CA5E31}.Release|Any CPU.Build.0 = Release|Any CPU
		{71AD5F89-3046-4F1A-BBF5-04DF32C82B46}.Debug|Any CPU.ActiveCfg = Debug|Any CPU
		{71AD5F89-3046-4F1A-BBF5-04DF32C82B46}.Debug|Any CPU.Build.0 = Debug|Any CPU
		{71AD5F89-3046-4F1A-BBF5-04DF32C82B46}.Release|Any CPU.ActiveCfg = Release|Any CPU
		{71AD5F89-3046-4F1A-BBF5-04DF32C82B46}.Release|Any CPU.Build.0 = Release|Any CPU
	EndGlobalSection
	GlobalSection(NestedProjects) = preSolution
		{2F3CCCB0-05DD-458A-88A0-08AD86BF2E28} = {A3E01D40-0F86-4A04-B12A-3D4A11A018D8}
		{13FCB673-64D7-4ED1-9129-C2C8DA956BF7} = {A3E01D40-0F86-4A04-B12A-3D4A11A018D8}
		{30A533F7-F64D-4F93-A517-18747B59A053} = {A3E01D40-0F86-4A04-B12A-3D4A11A018D8}
		{500F03AC-3632-45F8-AC05-FAB4E22F2D17} = {A3E01D40-0F86-4A04-B12A-3D4A11A018D8}
		{44CC7C1A-3BA9-4BD8-B2A0-911BC94DD93E} = {A3E01D40-0F86-4A04-B12A-3D4A11A018D8}
		{B51A1A0D-3F84-4E86-8BDB-6D07E2CD5F93} = {A3E01D40-0F86-4A04-B12A-3D4A11A018D8}
		{7B9F4AF4-B263-4F0F-B4A6-2C06D5CA5E31} = {01ECFF8F-4D11-470F-B4DE-5AA623CCC7E8}
		{71AD5F89-3046-4F1A-BBF5-04DF32C82B46} = {01ECFF8F-4D11-470F-B4DE-5AA623CCC7E8}
	EndGlobalSection
	GlobalSection(SolutionProperties) = preSolution
		HideSolutionNode = FALSE
	EndGlobalSection
EndGlobal
